
Microsoft Visual Studio Solution File, Format Version 12.00
# Visual Studio Version 17
VisualStudioVersion = 17.3.32819.101
MinimumVisualStudioVersion = 10.0.40219.1
Project("{9A19103F-16F7-4668-BE54-9A1E7A4F7556}") = "RepairManagement.API", "RepairManagement.API\RepairManagement.API.csproj", "{133E02E8-9F58-4419-B62C-22C92BAE03ED}"
EndProject
Project("{2150E333-8FDC-42A3-9474-1A3956D46DE8}") = "Solution Items", "Solution Items", "{EE2799E8-24D0-493C-918C-CA4D3432B03C}"
	ProjectSection(SolutionItems) = preProject
		.editorconfig = .editorconfig
	EndProjectSection
EndProject
Global
	GlobalSection(SolutionConfigurationPlatforms) = preSolution
		Debug|Any CPU = Debug|Any CPU
		Release|Any CPU = Release|Any CPU
	EndGlobalSection
	GlobalSection(ProjectConfigurationPlatforms) = postSolution
		{133E02E8-9F58-4419-B62C-22C92BAE03ED}.Debug|Any CPU.ActiveCfg = Debug|Any CPU
		{133E02E8-9F58-4419-B62C-22C92BAE03ED}.Debug|Any CPU.Build.0 = Debug|Any CPU
		{133E02E8-9F58-4419-B62C-22C92BAE03ED}.Release|Any CPU.ActiveCfg = Release|Any CPU
		{133E02E8-9F58-4419-B62C-22C92BAE03ED}.Release|Any CPU.Build.0 = Release|Any CPU
	EndGlobalSection
	GlobalSection(SolutionProperties) = preSolution
		HideSolutionNode = FALSE
	EndGlobalSection
	GlobalSection(ExtensibilityGlobals) = postSolution
		SolutionGuid = {C2A10D58-DF4E-4AE1-BF28-890E33C0B2FC}
	EndGlobalSection
EndGlobal
